Microsoft Visual Studio Solution File, Format Version 12.00
# Visual Studio Version 17
VisualStudioVersion = 17.0.0.0
MinimumVisualStudioVersion = 10.0.0.0
Project("{9A19103F-16F7-4668-BE54-9A1E7A4F7556}") = "AirenoOS.Revit.Plugin", "AirenoOS.Revit.Plugin\AirenoOS.Revit.Plugin.csproj", "{C5F3A1B2-4E78-4D60-9A41-1F2B3C5D6E70}"
EndProject
Global
	GlobalSection(SolutionConfigurationPlatforms) = preSolution
		Debug|x64 = Debug|x64
		Release|x64 = Release|x64
	EndGlobalSection
	GlobalSection(ProjectConfigurationPlatforms) = postSolution
		{C5F3A1B2-4E78-4D60-9A41-1F2B3C5D6E70}.Debug|x64.ActiveCfg = Debug|x64
		{C5F3A1B2-4E78-4D60-9A41-1F2B3C5D6E70}.Debug|x64.Build.0 = Debug|x64
		{C5F3A1B2-4E78-4D60-9A41-1F2B3C5D6E70}.Release|x64.ActiveCfg = Release|x64
		{C5F3A1B2-4E78-4D60-9A41-1F2B3C5D6E70}.Release|x64.Build.0 = Release|x64
	EndGlobalSection
	GlobalSection(SolutionProperties) = preSolution
		HideSolutionNode = FALSE
	EndGlobalSection
EndGlobal
